
Microsoft Visual Studio Solution File, Format Version 12.00
# Visual Studio 15
VisualStudioVersion = 15.0.27703.2042
MinimumVisualStudioVersion = 10.0.40219.1
Project("{FAE04EC0-301F-11D3-BF4B-00C04F79EFBC}") = "Delegates", "Delegates\Delegates.csproj", "{4062BE2F-0DD1-4E65-9666-131377AEB629}"
EndProject
Global
	GlobalSection(SolutionConfigurationPlatforms) = preSolution
		Debug|Any CPU = Debug|Any CPU
		Release|Any CPU = Release|Any CPU
	EndGlobalSection
	GlobalSection(ProjectConfigurationPlatforms) = postSolution
		{4062BE2F-0DD1-4E65-9666-131377AEB629}.Debug|Any CPU.ActiveCfg = Debug|Any CPU
		{4062BE2F-0DD1-4E65-9666-131377AEB629}.Debug|Any CPU.Build.0 = Debug|Any CPU
		{4062BE2F-0DD1-4E65-9666-131377AEB629}.Release|Any CPU.ActiveCfg = Release|Any CPU
		{4062BE2F-0DD1-4E65-9666-131377AEB629}.Release|Any CPU.Build.0 = Release|Any CPU
	EndGlobalSection
	GlobalSection(SolutionProperties) = preSolution
		HideSolutionNode = FALSE
	EndGlobalSection
	GlobalSection(ExtensibilityGlobals) = postSolution
		SolutionGuid = {8289DD62-9F13-4AE2-80EC-108D352E7634}
	EndGlobalSection
EndGlobal
