
Microsoft Visual Studio Solution File, Format Version 12.00
# Visual Studio 15
VisualStudioVersion = 15.0.27703.2042
MinimumVisualStudioVersion = 10.0.40219.1
Project("{FAE04EC0-301F-11D3-BF4B-00C04F79EFBC}") = "DelegatesAndEventsPractic", "DelegatesAndEventsPractic\DelegatesAndEventsPractic.csproj", "{BC4FADA4-12AB-4954-AC71-C86F703CF356}"
EndProject
Global
	GlobalSection(SolutionConfigurationPlatforms) = preSolution
		Debug|Any CPU = Debug|Any CPU
		Release|Any CPU = Release|Any CPU
	EndGlobalSection
	GlobalSection(ProjectConfigurationPlatforms) = postSolution
		{BC4FADA4-12AB-4954-AC71-C86F703CF356}.Debug|Any CPU.ActiveCfg = Debug|Any CPU
		{BC4FADA4-12AB-4954-AC71-C86F703CF356}.Debug|Any CPU.Build.0 = Debug|Any CPU
		{BC4FADA4-12AB-4954-AC71-C86F703CF356}.Release|Any CPU.ActiveCfg = Release|Any CPU
		{BC4FADA4-12AB-4954-AC71-C86F703CF356}.Release|Any CPU.Build.0 = Release|Any CPU
	EndGlobalSection
	GlobalSection(SolutionProperties) = preSolution
		HideSolutionNode = FALSE
	EndGlobalSection
	GlobalSection(ExtensibilityGlobals) = postSolution
		SolutionGuid = {B921CBD6-A6F7-41F8-8CF6-32C0EAC6B5B7}
	EndGlobalSection
EndGlobal
